// !$*UTF8*$!
{
	archiveVersion = 1;
	classes = {
	};
	objectVersion = 110;
	objects = {

/* Begin PBXBuildFile section */
		15CBF4903065881E00BDA222 /* Assets.xcassets in Resources */ = {isa = PBXBuildFile; fileRef = 15CBF48D3065881E00BDA222 /* Assets.xcassets */; };
		15CBF4913065881E00BDA222 /* Secrets.swift in Sources */ = {isa = PBXBuildFile; fileRef = 15CBF47B3065881E00BDA222 /* Secrets.swift */; };
		15CBF4923065881E00BDA222 /* FavoritesStore.swift in Sources */ = {isa = PBXBuildFile; fileRef = 15CBF47D3065881E00BDA222 /* FavoritesStore.swift */; };
		15CBF4933065881E00BDA222 /* Photo.swift in Sources */ = {isa = PBXBuildFile; fileRef = 15CBF47F3065881E00BDA222 /* Photo.swift */; };
		15CBF4943065881E00BDA222 /* ImageCache.swift in Sources */ = {isa = PBXBuildFile; fileRef = 15CBF4813065881E00BDA222 /* ImageCache.swift */; };
		15CBF4953065881E00BDA222 /* PhotoFetching.swift in Sources */ = {isa = PBXBuildFile; fileRef = 15CBF4823065881E00BDA222 /* PhotoFetching.swift */; };
		15CBF4963065881E00BDA222 /* UnsplashAPIClient.swift in Sources */ = {isa = PBXBuildFile; fileRef = 15CBF4833065881E00BDA222 /* UnsplashAPIClient.swift */; };
		15CBF4973065881E00BDA222 /* FeedViewModel.swift in Sources */ = {isa = PBXBuildFile; fileRef = 15CBF4853065881E00BDA222 /* FeedViewModel.swift */; };
		15CBF4983065881E00BDA222 /* CachedAsyncImage.swift in Sources */ = {isa = PBXBuildFile; fileRef = 15CBF4873065881E00BDA222 /* CachedAsyncImage.swift */; };
		15CBF4993065881E00BDA222 /* ContentTabView.swift in Sources */ = {isa = PBXBuildFile; fileRef = 15CBF4883065881E00BDA222 /* ContentTabView.swift */; };
		15CBF49A3065881E00BDA222 /* FavoritesView.swift in Sources */ = {isa = PBXBuildFile; fileRef = 15CBF4893065881E00BDA222 /* FavoritesView.swift */; };
		15CBF49B3065881E00BDA222 /* FeedView.swift in Sources */ = {isa = PBXBuildFile; fileRef = 15CBF48A3065881E00BDA222 /* FeedView.swift */; };
		15CBF49C3065881E00BDA222 /* PhotoDetailView.swift in Sources */ = {isa = PBXBuildFile; fileRef = 15CBF48B3065881E00BDA222 /* PhotoDetailView.swift */; };
		15CBF49D3065881E00BDA222 /* FeedAppApp.swift in Sources */ = {isa = PBXBuildFile; fileRef = 15CBF48E3065881E00BDA222 /* FeedAppApp.swift */; };
/* End PBXBuildFile section */

/* Begin PBXContainerItemProxy section */
		158B7A353062CB9C00B4E7EB /* PBXContainerItemProxy */ = {
			isa = PBXContainerItemProxy;
			containerPortal = 158B7A1F3062CB9B00B4E7EB /* Project object */;
			proxyType = 1;
			remoteGlobalIDString = 158B7A263062CB9B00B4E7EB;
			remoteInfo = FeedApp;
		};
		158B7A3F3062CB9C00B4E7EB /* PBXContainerItemProxy */ = {
			isa = PBXContainerItemProxy;
			containerPortal = 158B7A1F3062CB9B00B4E7EB /* Project object */;
			proxyType = 1;
			remoteGlobalIDString = 158B7A263062CB9B00B4E7EB;
			remoteInfo = FeedApp;
		};
/* End PBXContainerItemProxy section */

/* Begin PBXFileReference section */
		158B7A273062CB9B00B4E7EB /* FeedApp.app */ = {isa = PBXFileReference; explicitFileType = wrapper.application; includeInIndex = 0; path = FeedApp.app; sourceTree = BUILT_PRODUCTS_DIR; };
		158B7A343062CB9C00B4E7EB /* FeedAppTests.xctest */ = {isa = PBXFileReference; explicitFileType = wrapper.cfbundle; includeInIndex = 0; path = FeedAppTests.xctest; sourceTree = BUILT_PRODUCTS_DIR; };
		158B7A3E3062CB9C00B4E7EB /* FeedAppUITests.xctest */ = {isa = PBXFileReference; explicitFileType = wrapper.cfbundle; includeInIndex = 0; path = FeedAppUITests.xctest; sourceTree = BUILT_PRODUCTS_DIR; };
		15CBF47B3065881E00BDA222 /* Secrets.swift */ = {isa = PBXFileReference; lastKnownFileType = sourcecode.swift; path = Secrets.swift; sourceTree = "<group>"; };
		15CBF47D3065881E00BDA222 /* FavoritesStore.swift */ = {isa = PBXFileReference; lastKnownFileType = sourcecode.swift; path = FavoritesStore.swift; sourceTree = "<group>"; };
		15CBF47F3065881E00BDA222 /* Photo.swift */ = {isa = PBXFileReference; lastKnownFileType = sourcecode.swift; path = Photo.swift; sourceTree = "<group>"; };
		15CBF4813065881E00BDA222 /* ImageCache.swift */ = {isa = PBXFileReference; lastKnownFileType = sourcecode.swift; path = ImageCache.swift; sourceTree = "<group>"; };
		15CBF4823065881E00BDA222 /* PhotoFetching.swift */ = {isa = PBXFileReference; lastKnownFileType = sourcecode.swift; path = PhotoFetching.swift; sourceTree = "<group>"; };
		15CBF4833065881E00BDA222 /* UnsplashAPIClient.swift */ = {isa = PBXFileReference; lastKnownFileType = sourcecode.swift; path = UnsplashAPIClient.swift; sourceTree = "<group>"; };
		15CBF4853065881E00BDA222 /* FeedViewModel.swift */ = {isa = PBXFileReference; lastKnownFileType = sourcecode.swift; path = FeedViewModel.swift; sourceTree = "<group>"; };
		15CBF4873065881E00BDA222 /* CachedAsyncImage.swift */ = {isa = PBXFileReference; lastKnownFileType = sourcecode.swift; path = CachedAsyncImage.swift; sourceTree = "<group>"; };
		15CBF4883065881E00BDA222 /* ContentTabView.swift */ = {isa = PBXFileReference; lastKnownFileType = sourcecode.swift; path = ContentTabView.swift; sourceTree = "<group>"; };
		15CBF4893065881E00BDA222 /* FavoritesView.swift */ = {isa = PBXFileReference; lastKnownFileType = sourcecode.swift; path = FavoritesView.swift; sourceTree = "<group>"; };
		15CBF48A3065881E00BDA222 /* FeedView.swift */ = {isa = PBXFileReference; lastKnownFileType = sourcecode.swift; path = FeedView.swift; sourceTree = "<group>"; };
		15CBF48B3065881E00BDA222 /* PhotoDetailView.swift */ = {isa = PBXFileReference; lastKnownFileType = sourcecode.swift; path = PhotoDetailView.swift; sourceTree = "<group>"; };
		15CBF48D3065881E00BDA222 /* Assets.xcassets */ = {isa = PBXFileReference; lastKnownFileType = folder.assetcatalog; path = Assets.xcassets; sourceTree = "<group>"; };
		15CBF48E3065881E00BDA222 /* FeedAppApp.swift */ = {isa = PBXFileReference; lastKnownFileType = sourcecode.swift; path = FeedAppApp.swift; sourceTree = "<group>"; };
/* End PBXFileReference section */

/* Begin PBXFileSystemSynchronizedRootGroup section */
		158B7A373062CB9C00B4E7EB /* FeedAppTests */ = {
			isa = PBXFileSystemSynchronizedRootGroup;
			path = FeedAppTests;
			sourceTree = "<group>";
		};
		158B7A413062CB9C00B4E7EB /* FeedAppUITests */ = {
			isa = PBXFileSystemSynchronizedRootGroup;
			path = FeedAppUITests;
			sourceTree = "<group>";
		};
/* End PBXFileSystemSynchronizedRootGroup section */

/* Begin PBXFrameworksBuildPhase section */
		158B7A243062CB9B00B4E7EB /* Frameworks */ = {
			isa = PBXFrameworksBuildPhase;
			files = (
			);
		};
		158B7A313062CB9C00B4E7EB /* Frameworks */ = {
			isa = PBXFrameworksBuildPhase;
			files = (
			);
		};
		158B7A3B3062CB9C00B4E7EB /* Frameworks */ = {
			isa = PBXFrameworksBuildPhase;
			files = (
			);
		};
/* End PBXFrameworksBuildPhase section */

/* Begin PBXGroup section */
		158B7A1E3062CB9B00B4E7EB = {
			isa = PBXGroup;
			children = (
				15CBF48F3065881E00BDA222 /* FeedApp */,
				158B7A373062CB9C00B4E7EB /* FeedAppTests */,
				158B7A413062CB9C00B4E7EB /* FeedAppUITests */,
				158B7A283062CB9B00B4E7EB /* Products */,
			);
			sourceTree = "<group>";
		};
		158B7A283062CB9B00B4E7EB /* Products */ = {
			isa = PBXGroup;
			children = (
				158B7A273062CB9B00B4E7EB /* FeedApp.app */,
				158B7A343062CB9C00B4E7EB /* FeedAppTests.xctest */,
				158B7A3E3062CB9C00B4E7EB /* FeedAppUITests.xctest */,
			);
			name = Products;
			sourceTree = "<group>";
		};
		15CBF47C3065881E00BDA222 /* Config */ = {
			isa = PBXGroup;
			children = (
				15CBF47B3065881E00BDA222 /* Secrets.swift */,
			);
			path = Config;
			sourceTree = "<group>";
		};
		15CBF47E3065881E00BDA222 /* Data */ = {
			isa = PBXGroup;
			children = (
				15CBF47D3065881E00BDA222 /* FavoritesStore.swift */,
			);
			path = Data;
			sourceTree = "<group>";
		};
		15CBF4803065881E00BDA222 /* Models */ = {
			isa = PBXGroup;
			children = (
				15CBF47F3065881E00BDA222 /* Photo.swift */,
			);
			path = Models;
			sourceTree = "<group>";
		};
		15CBF4843065881E00BDA222 /* Networking */ = {
			isa = PBXGroup;
			children = (
				15CBF4813065881E00BDA222 /* ImageCache.swift */,
				15CBF4823065881E00BDA222 /* PhotoFetching.swift */,
				15CBF4833065881E00BDA222 /* UnsplashAPIClient.swift */,
			);
			path = Networking;
			sourceTree = "<group>";
		};
		15CBF4863065881E00BDA222 /* ViewModels */ = {
			isa = PBXGroup;
			children = (
				15CBF4853065881E00BDA222 /* FeedViewModel.swift */,
			);
			path = ViewModels;
			sourceTree = "<group>";
		};
		15CBF48C3065881E00BDA222 /* Views */ = {
			isa = PBXGroup;
			children = (
				15CBF4873065881E00BDA222 /* CachedAsyncImage.swift */,
				15CBF4883065881E00BDA222 /* ContentTabView.swift */,
				15CBF4893065881E00BDA222 /* FavoritesView.swift */,
				15CBF48A3065881E00BDA222 /* FeedView.swift */,
				15CBF48B3065881E00BDA222 /* PhotoDetailView.swift */,
			);
			path = Views;
			sourceTree = "<group>";
		};
		15CBF48F3065881E00BDA222 /* FeedApp */ = {
			isa = PBXGroup;
			children = (
				15CBF47C3065881E00BDA222 /* Config */,
				15CBF47E3065881E00BDA222 /* Data */,
				15CBF4803065881E00BDA222 /* Models */,
				15CBF4843065881E00BDA222 /* Networking */,
				15CBF4863065881E00BDA222 /* ViewModels */,
				15CBF48C3065881E00BDA222 /* Views */,
				15CBF48D3065881E00BDA222 /* Assets.xcassets */,
				15CBF48E3065881E00BDA222 /* FeedAppApp.swift */,
			);
			path = FeedApp;
			sourceTree = "<group>";
		};
/* End PBXGroup section */

/* Begin PBXNativeTarget section */
		158B7A263062CB9B00B4E7EB /* FeedApp */ = {
			isa = PBXNativeTarget;
			buildConfigurationList = 158B7A463062CB9C00B4E7EB /* Build configuration list for PBXNativeTarget "FeedApp" */;
			buildPhases = (
				158B7A233062CB9B00B4E7EB /* Sources */,
				158B7A243062CB9B00B4E7EB /* Frameworks */,
				158B7A253062CB9B00B4E7EB /* Resources */,
			);
			buildRules = (
			);
			name = FeedApp;
			productName = FeedApp;
			productReference = 158B7A273062CB9B00B4E7EB /* FeedApp.app */;
			productType = "com.apple.product-type.application";
		};
		158B7A333062CB9C00B4E7EB /* FeedAppTests */ = {
			isa = PBXNativeTarget;
			buildConfigurationList = 158B7A493062CB9C00B4E7EB /* Build configuration list for PBXNativeTarget "FeedAppTests" */;
			buildPhases = (
				158B7A303062CB9C00B4E7EB /* Sources */,
				158B7A313062CB9C00B4E7EB /* Frameworks */,
				158B7A323062CB9C00B4E7EB /* Resources */,
			);
			buildRules = (
			);
			dependencies = (
				158B7A363062CB9C00B4E7EB /* PBXTargetDependency */,
			);
			fileSystemSynchronizedGroups = (
				158B7A373062CB9C00B4E7EB /* FeedAppTests */,
			);
			name = FeedAppTests;
			productName = FeedAppTests;
			productReference = 158B7A343062CB9C00B4E7EB /* FeedAppTests.xctest */;
			productType = "com.apple.product-type.bundle.unit-test";
		};
		158B7A3D3062CB9C00B4E7EB /* FeedAppUITests */ = {
			isa = PBXNativeTarget;
			buildConfigurationList = 158B7A4C3062CB9C00B4E7EB /* Build configuration list for PBXNativeTarget "FeedAppUITests" */;
			buildPhases = (
				158B7A3A3062CB9C00B4E7EB /* Sources */,
				158B7A3B3062CB9C00B4E7EB /* Frameworks */,
				158B7A3C3062CB9C00B4E7EB /* Resources */,
			);
			buildRules = (
			);
			dependencies = (
				158B7A403062CB9C00B4E7EB /* PBXTargetDependency */,
			);
			fileSystemSynchronizedGroups = (
				158B7A413062CB9C00B4E7EB /* FeedAppUITests */,
			);
			name = FeedAppUITests;
			productName = FeedAppUITests;
			productReference = 158B7A3E3062CB9C00B4E7EB /* FeedAppUITests.xctest */;
			productType = "com.apple.product-type.bundle.ui-testing";
		};
/* End PBXNativeTarget section */

/* Begin PBXProject section */
		158B7A1F3062CB9B00B4E7EB /* Project object */ = {
			isa = PBXProject;
			attributes = {
				BuildIndependentTargetsInParallel = 1;
				LastSwiftUpdateCheck = 2700;
				LastUpgradeCheck = 2700;
				TargetAttributes = {
					158B7A263062CB9B00B4E7EB = {
						CreatedOnToolsVersion = 27.0;
					};
					158B7A333062CB9C00B4E7EB = {
						CreatedOnToolsVersion = 27.0;
						TestTargetID = 158B7A263062CB9B00B4E7EB;
					};
					158B7A3D3062CB9C00B4E7EB = {
						CreatedOnToolsVersion = 27.0;
						TestTargetID = 158B7A263062CB9B00B4E7EB;
					};
				};
			};
			buildConfigurationList = 158B7A223062CB9B00B4E7EB /* Build configuration list for PBXProject "FeedApp" */;
			developmentRegion = en;
			hasScannedForEncodings = 0;
			knownRegions = (
				en,
				Base,
			);
			mainGroup = 158B7A1E3062CB9B00B4E7EB;
			minimizedProjectReferenceProxies = 1;
			preferredProjectObjectVersion = 77;
			productRefGroup = 158B7A283062CB9B00B4E7EB /* Products */;
			projectDirPath = "";
			projectRoot = "";
			targets = (
				158B7A263062CB9B00B4E7EB /* FeedApp */,
				158B7A333062CB9C00B4E7EB /* FeedAppTests */,
				158B7A3D3062CB9C00B4E7EB /* FeedAppUITests */,
			);
		};
/* End PBXProject section */

/* Begin PBXResourcesBuildPhase section */
		158B7A253062CB9B00B4E7EB /* Resources */ = {
			isa = PBXResourcesBuildPhase;
			files = (
				15CBF4903065881E00BDA222 /* Assets.xcassets in Resources */,
			);
		};
		158B7A323062CB9C00B4E7EB /* Resources */ = {
			isa = PBXResourcesBuildPhase;
			files = (
			);
		};
		158B7A3C3062CB9C00B4E7EB /* Resources */ = {
			isa = PBXResourcesBuildPhase;
			files = (
			);
		};
/* End PBXResourcesBuildPhase section */

/* Begin PBXSourcesBuildPhase section */
		158B7A233062CB9B00B4E7EB /* Sources */ = {
			isa = PBXSourcesBuildPhase;
			files = (
				15CBF4913065881E00BDA222 /* Secrets.swift in Sources */,
				15CBF4923065881E00BDA222 /* FavoritesStore.swift in Sources */,
				15CBF4933065881E00BDA222 /* Photo.swift in Sources */,
				15CBF4943065881E00BDA222 /* ImageCache.swift in Sources */,
				15CBF4953065881E00BDA222 /* PhotoFetching.swift in Sources */,
				15CBF4963065881E00BDA222 /* UnsplashAPIClient.swift in Sources */,
				15CBF4973065881E00BDA222 /* FeedViewModel.swift in Sources */,
				15CBF4983065881E00BDA222 /* CachedAsyncImage.swift in Sources */,
				15CBF4993065881E00BDA222 /* ContentTabView.swift in Sources */,
				15CBF49A3065881E00BDA222 /* FavoritesView.swift in Sources */,
				15CBF49B3065881E00BDA222 /* FeedView.swift in Sources */,
				15CBF49C3065881E00BDA222 /* PhotoDetailView.swift in Sources */,
				15CBF49D3065881E00BDA222 /* FeedAppApp.swift in Sources */,
			);
		};
		158B7A303062CB9C00B4E7EB /* Sources */ = {
			isa = PBXSourcesBuildPhase;
			files = (
			);
		};
		158B7A3A3062CB9C00B4E7EB /* Sources */ = {
			isa = PBXSourcesBuildPhase;
			files = (
			);
		};
/* End PBXSourcesBuildPhase section */

/* Begin PBXTargetDependency section */
		158B7A363062CB9C00B4E7EB /* PBXTargetDependency */ = {
			isa = PBXTargetDependency;
			target = 158B7A263062CB9B00B4E7EB /* FeedApp */;
			targetProxy = 158B7A353062CB9C00B4E7EB /* PBXContainerItemProxy */;
		};
		158B7A403062CB9C00B4E7EB /* PBXTargetDependency */ = {
			isa = PBXTargetDependency;
			target = 158B7A263062CB9B00B4E7EB /* FeedApp */;
			targetProxy = 158B7A3F3062CB9C00B4E7EB /* PBXContainerItemProxy */;
		};
/* End PBXTargetDependency section */

/* Begin XCBuildConfiguration section */
		158B7A443062CB9C00B4E7EB /* Debug configuration for PBXProject "FeedApp" */ = {
			isa = XCBuildConfiguration;
			buildSettings = {
				ALWAYS_SEARCH_USER_PATHS = NO;
				ASSETCATALOG_COMPILER_GENERATE_SWIFT_ASSET_SYMBOL_EXTENSIONS = YES;
				CLANG_ANALYZER_NONNULL = YES;
				CLANG_ANALYZER_NUMBER_OBJECT_CONVERSION = YES_AGGRESSIVE;
				CLANG_CXX_LANGUAGE_STANDARD = "gnu++20";
				CLANG_ENABLE_MODULES = YES;
				CLANG_ENABLE_OBJC_ARC = YES;
				CLANG_ENABLE_OBJC_WEAK = YES;
				CLANG_WARN_BLOCK_CAPTURE_AUTORELEASING = YES;
				CLANG_WARN_BOOL_CONVERSION = YES;
				CLANG_WARN_COMMA = YES;
				CLANG_WARN_CONSTANT_CONVERSION = YES;
				CLANG_WARN_DEPRECATED_OBJC_IMPLEMENTATIONS = YES;
				CLANG_WARN_DIRECT_OBJC_ISA_USAGE = YES_ERROR;
				CLANG_WARN_DOCUMENTATION_COMMENTS = YES;
				CLANG_WARN_EMPTY_BODY = YES;
				CLANG_WARN_ENUM_CONVERSION = YES;
				CLANG_WARN_INFINITE_RECURSION = YES;
				CLANG_WARN_INT_CONVERSION = YES;
				CLANG_WARN_NON_LITERAL_NULL_CONVERSION = YES;
				CLANG_WARN_OBJC_IMPLICIT_RETAIN_SELF = YES;
				CLANG_WARN_OBJC_LITERAL_CONVERSION = YES;
				CLANG_WARN_OBJC_ROOT_CLASS = YES_ERROR;
				CLANG_WARN_QUOTED_INCLUDE_IN_FRAMEWORK_HEADER = YES;
				CLANG_WARN_RANGE_LOOP_ANALYSIS = YES;
				CLANG_WARN_STRICT_PROTOTYPES = YES;
				CLANG_WARN_SUSPICIOUS_MOVE = YES;
				CLANG_WARN_UNGUARDED_AVAILABILITY = YES_AGGRESSIVE;
				CLANG_WARN_UNREACHABLE_CODE = YES;
				CLANG_WARN__DUPLICATE_METHOD_MATCH = YES;
				COPY_PHASE_STRIP = NO;
				DEBUG_INFORMATION_FORMAT = dwarf;
				DEVELOPMENT_TEAM = G6AA4T82BJ;
				ENABLE_STRICT_OBJC_MSGSEND = YES;
				ENABLE_TESTABILITY = YES;
				ENABLE_USER_SCRIPT_SANDBOXING = YES;
				GCC_C_LANGUAGE_STANDARD = gnu17;
				GCC_DYNAMIC_NO_PIC = NO;
				GCC_NO_COMMON_BLOCKS = YES;
				GCC_OPTIMIZATION_LEVEL = 0;
				GCC_PREPROCESSOR_DEFINITIONS = (
					"DEBUG=1",
					"$(inherited)",
				);
				GCC_WARN_64_TO_32_BIT_CONVERSION = YES;
				GCC_WARN_ABOUT_RETURN_TYPE = YES_ERROR;
				GCC_WARN_UNDECLARED_SELECTOR = YES;
				GCC_WARN_UNINITIALIZED_AUTOS = YES_AGGRESSIVE;
				GCC_WARN_UNUSED_FUNCTION = YES;
				GCC_WARN_UNUSED_VARIABLE = YES;
				IPHONEOS_DEPLOYMENT_TARGET = 27.0;
				LOCALIZATION_PREFERS_STRING_CATALOGS = YES;
				MTL_ENABLE_DEBUG_INFO = INCLUDE_SOURCE;
				MTL_FAST_MATH = YES;
				ONLY_ACTIVE_ARCH = YES;
				SDKROOT = iphoneos;
				SWIFT_ACTIVE_COMPILATION_CONDITIONS = "DEBUG $(inherited)";
				SWIFT_OPTIMIZATION_LEVEL = "-Onone";
			};
			name = Debug;
		};
		158B7A453062CB9C00B4E7EB /* Release configuration for PBXProject "FeedApp" */ = {
			isa = XCBuildConfiguration;
			buildSettings = {
				ALWAYS_SEARCH_USER_PATHS = NO;
				ASSETCATALOG_COMPILER_GENERATE_SWIFT_ASSET_SYMBOL_EXTENSIONS = YES;
				CLANG_ANALYZER_NONNULL = YES;
				CLANG_ANALYZER_NUMBER_OBJECT_CONVERSION = YES_AGGRESSIVE;
				CLANG_CXX_LANGUAGE_STANDARD = "gnu++20";
				CLANG_ENABLE_MODULES = YES;
				CLANG_ENABLE_OBJC_ARC = YES;
				CLANG_ENABLE_OBJC_WEAK = YES;
				CLANG_WARN_BLOCK_CAPTURE_AUTORELEASING = YES;
				CLANG_WARN_BOOL_CONVERSION = YES;
				CLANG_WARN_COMMA = YES;
				CLANG_WARN_CONSTANT_CONVERSION = YES;
				CLANG_WARN_DEPRECATED_OBJC_IMPLEMENTATIONS = YES;
				CLANG_WARN_DIRECT_OBJC_ISA_USAGE = YES_ERROR;
				CLANG_WARN_DOCUMENTATION_COMMENTS = YES;
				CLANG_WARN_EMPTY_BODY = YES;
				CLANG_WARN_ENUM_CONVERSION = YES;
				CLANG_WARN_INFINITE_RECURSION = YES;
				CLANG_WARN_INT_CONVERSION = YES;
				CLANG_WARN_NON_LITERAL_NULL_CONVERSION = YES;
				CLANG_WARN_OBJC_IMPLICIT_RETAIN_SELF = YES;
				CLANG_WARN_OBJC_LITERAL_CONVERSION = YES;
				CLANG_WARN_OBJC_ROOT_CLASS = YES_ERROR;
				CLANG_WARN_QUOTED_INCLUDE_IN_FRAMEWORK_HEADER = YES;
				CLANG_WARN_RANGE_LOOP_ANALYSIS = YES;
				CLANG_WARN_STRICT_PROTOTYPES = YES;
				CLANG_WARN_SUSPICIOUS_MOVE = YES;
				CLANG_WARN_UNGUARDED_AVAILABILITY = YES_AGGRESSIVE;
				CLANG_WARN_UNREACHABLE_CODE = YES;
				CLANG_WARN__DUPLICATE_METHOD_MATCH = YES;
				COPY_PHASE_STRIP = NO;
				DEBUG_INFORMATION_FORMAT = "dwarf-with-dsym";
				DEVELOPMENT_TEAM = G6AA4T82BJ;
				ENABLE_NS_ASSERTIONS = NO;
				ENABLE_STRICT_OBJC_MSGSEND = YES;
				ENABLE_USER_SCRIPT_SANDBOXING = YES;
				GCC_C_LANGUAGE_STANDARD = gnu17;
				GCC_NO_COMMON_BLOCKS = YES;
				GCC_WARN_64_TO_32_BIT_CONVERSION = YES;
				GCC_WARN_ABOUT_RETURN_TYPE = YES_ERROR;
				GCC_WARN_UNDECLARED_SELECTOR = YES;
				GCC_WARN_UNINITIALIZED_AUTOS = YES_AGGRESSIVE;
				GCC_WARN_UNUSED_FUNCTION = YES;
				GCC_WARN_UNUSED_VARIABLE = YES;
				IPHONEOS_DEPLOYMENT_TARGET = 27.0;
				LOCALIZATION_PREFERS_STRING_CATALOGS = YES;
				MTL_ENABLE_DEBUG_INFO = NO;
				MTL_FAST_MATH = YES;
				SDKROOT = iphoneos;
				SWIFT_COMPILATION_MODE = wholemodule;
				VALIDATE_PRODUCT = YES;
			};
			name = Release;
		};
		158B7A473062CB9C00B4E7EB /* Debug configuration for PBXNativeTarget "FeedApp" */ = {
			isa = XCBuildConfiguration;
			buildSettings = {
				ASSETCATALOG_COMPILER_APPICON_NAME = AppIcon;
				ASSETCATALOG_COMPILER_GLOBAL_ACCENT_COLOR_NAME = AccentColor;
				CODE_SIGN_STYLE = Automatic;
				CURRENT_PROJECT_VERSION = 1;
				DEVELOPMENT_TEAM = G6AA4T82BJ;
				ENABLE_PREVIEWS = YES;
				GENERATE_INFOPLIST_FILE = YES;
				INFOPLIST_KEY_UIApplicationSceneManifest_Generation = YES;
				INFOPLIST_KEY_UIApplicationSupportsIndirectInputEvents = YES;
				INFOPLIST_KEY_UILaunchScreen_Generation = YES;
				INFOPLIST_KEY_UISupportedInterfaceOrientations_iPad = "UIInterfaceOrientationPortrait UIInterfaceOrientationPortraitUpsideDown UIInterfaceOrientationLandscapeLeft UIInterfaceOrientationLandscapeRight";
				INFOPLIST_KEY_UISupportedInterfaceOrientations_iPhone = "UIInterfaceOrientationPortrait UIInterfaceOrientationLandscapeLeft UIInterfaceOrientationLandscapeRight";
				LD_RUNPATH_SEARCH_PATHS = (
					"$(inherited)",
					"@executable_path/Frameworks",
				);
				MARKETING_VERSION = 1.0;
				PRODUCT_BUNDLE_IDENTIFIER = name.irena.FeedApp;
				PRODUCT_NAME = "$(TARGET_NAME)";
				STRING_CATALOG_GENERATE_SYMBOLS = YES;
				SWIFT_APPROACHABLE_CONCURRENCY = YES;
				SWIFT_DEFAULT_ACTOR_ISOLATION = MainActor;
				SWIFT_EMIT_LOC_STRINGS = YES;
				SWIFT_UPCOMING_FEATURE_MEMBER_IMPORT_VISIBILITY = YES;
				SWIFT_VERSION = 5.0;
				TARGETED_DEVICE_FAMILY = "1,2";
			};
			name = Debug;
		};
		158B7A483062CB9C00B4E7EB /* Release configuration for PBXNativeTarget "FeedApp" */ = {
			isa = XCBuildConfiguration;
			buildSettings = {
				ASSETCATALOG_COMPILER_APPICON_NAME = AppIcon;
				ASSETCATALOG_COMPILER_GLOBAL_ACCENT_COLOR_NAME = AccentColor;
				CODE_SIGN_STYLE = Automatic;
				CURRENT_PROJECT_VERSION = 1;
				DEVELOPMENT_TEAM = G6AA4T82BJ;
				ENABLE_PREVIEWS = YES;
				GENERATE_INFOPLIST_FILE = YES;
				INFOPLIST_KEY_UIApplicationSceneManifest_Generation = YES;
				INFOPLIST_KEY_UIApplicationSupportsIndirectInputEvents = YES;
				INFOPLIST_KEY_UILaunchScreen_Generation = YES;
				INFOPLIST_KEY_UISupportedInterfaceOrientations_iPad = "UIInterfaceOrientationPortrait UIInterfaceOrientationPortraitUpsideDown UIInterfaceOrientationLandscapeLeft UIInterfaceOrientationLandscapeRight";
				INFOPLIST_KEY_UISupportedInterfaceOrientations_iPhone = "UIInterfaceOrientationPortrait UIInterfaceOrientationLandscapeLeft UIInterfaceOrientationLandscapeRight";
				LD_RUNPATH_SEARCH_PATHS = (
					"$(inherited)",
					"@executable_path/Frameworks",
				);
				MARKETING_VERSION = 1.0;
				PRODUCT_BUNDLE_IDENTIFIER = name.irena.FeedApp;
				PRODUCT_NAME = "$(TARGET_NAME)";
				STRING_CATALOG_GENERATE_SYMBOLS = YES;
				SWIFT_APPROACHABLE_CONCURRENCY = YES;
				SWIFT_DEFAULT_ACTOR_ISOLATION = MainActor;
				SWIFT_EMIT_LOC_STRINGS = YES;
				SWIFT_UPCOMING_FEATURE_MEMBER_IMPORT_VISIBILITY = YES;
				SWIFT_VERSION = 5.0;
				TARGETED_DEVICE_FAMILY = "1,2";
			};
			name = Release;
		};
		158B7A4A3062CB9C00B4E7EB /* Debug configuration for PBXNativeTarget "FeedAppTests" */ = {
			isa = XCBuildConfiguration;
			buildSettings = {
				BUNDLE_LOADER = "$(TEST_HOST)";
				CODE_SIGN_STYLE = Automatic;
				CURRENT_PROJECT_VERSION = 1;
				DEVELOPMENT_TEAM = G6AA4T82BJ;
				GENERATE_INFOPLIST_FILE = YES;
				IPHONEOS_DEPLOYMENT_TARGET = 27.0;
				MARKETING_VERSION = 1.0;
				PRODUCT_BUNDLE_IDENTIFIER = name.irena.FeedAppTests;
				PRODUCT_NAME = "$(TARGET_NAME)";
				STRING_CATALOG_GENERATE_SYMBOLS = NO;
				SWIFT_APPROACHABLE_CONCURRENCY = YES;
				SWIFT_EMIT_LOC_STRINGS = NO;
				SWIFT_UPCOMING_FEATURE_MEMBER_IMPORT_VISIBILITY = YES;
				SWIFT_VERSION = 5.0;
				TARGETED_DEVICE_FAMILY = "1,2";
				TEST_HOST = "$(BUILT_PRODUCTS_DIR)/FeedApp.app/$(BUNDLE_EXECUTABLE_FOLDER_PATH)/FeedApp";
			};
			name = Debug;
		};
		158B7A4B3062CB9C00B4E7EB /* Release configuration for PBXNativeTarget "FeedAppTests" */ = {
			isa = XCBuildConfiguration;
			buildSettings = {
				BUNDLE_LOADER = "$(TEST_HOST)";
				CODE_SIGN_STYLE = Automatic;
				CURRENT_PROJECT_VERSION = 1;
				DEVELOPMENT_TEAM = G6AA4T82BJ;
				GENERATE_INFOPLIST_FILE = YES;
				IPHONEOS_DEPLOYMENT_TARGET = 27.0;
				MARKETING_VERSION = 1.0;
				PRODUCT_BUNDLE_IDENTIFIER = name.irena.FeedAppTests;
				PRODUCT_NAME = "$(TARGET_NAME)";
				STRING_CATALOG_GENERATE_SYMBOLS = NO;
				SWIFT_APPROACHABLE_CONCURRENCY = YES;
				SWIFT_EMIT_LOC_STRINGS = NO;
				SWIFT_UPCOMING_FEATURE_MEMBER_IMPORT_VISIBILITY = YES;
				SWIFT_VERSION = 5.0;
				TARGETED_DEVICE_FAMILY = "1,2";
				TEST_HOST = "$(BUILT_PRODUCTS_DIR)/FeedApp.app/$(BUNDLE_EXECUTABLE_FOLDER_PATH)/FeedApp";
			};
			name = Release;
		};
		158B7A4D3062CB9C00B4E7EB /* Debug configuration for PBXNativeTarget "FeedAppUITests" */ = {
			isa = XCBuildConfiguration;
			buildSettings = {
				CODE_SIGN_STYLE = Automatic;
				CURRENT_PROJECT_VERSION = 1;
				DEVELOPMENT_TEAM = G6AA4T82BJ;
				GENERATE_INFOPLIST_FILE = YES;
				MARKETING_VERSION = 1.0;
				PRODUCT_BUNDLE_IDENTIFIER = name.irena.FeedAppUITests;
				PRODUCT_NAME = "$(TARGET_NAME)";
				STRING_CATALOG_GENERATE_SYMBOLS = NO;
				SWIFT_APPROACHABLE_CONCURRENCY = YES;
				SWIFT_EMIT_LOC_STRINGS = NO;
				SWIFT_UPCOMING_FEATURE_MEMBER_IMPORT_VISIBILITY = YES;
				SWIFT_VERSION = 5.0;
				TARGETED_DEVICE_FAMILY = "1,2";
				TEST_TARGET_NAME = FeedApp;
			};
			name = Debug;
		};
		158B7A4E3062CB9C00B4E7EB /* Release configuration for PBXNativeTarget "FeedAppUITests" */ = {
			isa = XCBuildConfiguration;
			buildSettings = {
				CODE_SIGN_STYLE = Automatic;
				CURRENT_PROJECT_VERSION = 1;
				DEVELOPMENT_TEAM = G6AA4T82BJ;
				GENERATE_INFOPLIST_FILE = YES;
				MARKETING_VERSION = 1.0;
				PRODUCT_BUNDLE_IDENTIFIER = name.irena.FeedAppUITests;
				PRODUCT_NAME = "$(TARGET_NAME)";
				STRING_CATALOG_GENERATE_SYMBOLS = NO;
				SWIFT_APPROACHABLE_CONCURRENCY = YES;
				SWIFT_EMIT_LOC_STRINGS = NO;
				SWIFT_UPCOMING_FEATURE_MEMBER_IMPORT_VISIBILITY = YES;
				SWIFT_VERSION = 5.0;
				TARGETED_DEVICE_FAMILY = "1,2";
				TEST_TARGET_NAME = FeedApp;
			};
			name = Release;
		};
/* End XCBuildConfiguration section */

/* Begin XCConfigurationList section */
		158B7A223062CB9B00B4E7EB /* Build configuration list for PBXProject "FeedApp" */ = {
			isa = XCConfigurationList;
			buildConfigurations = (
				158B7A443062CB9C00B4E7EB /* Debug configuration for PBXProject "FeedApp" */,
				158B7A453062CB9C00B4E7EB /* Release configuration for PBXProject "FeedApp" */,
			);
			defaultConfigurationName = Release;
		};
		158B7A463062CB9C00B4E7EB /* Build configuration list for PBXNativeTarget "FeedApp" */ = {
			isa = XCConfigurationList;
			buildConfigurations = (
				158B7A473062CB9C00B4E7EB /* Debug configuration for PBXNativeTarget "FeedApp" */,
				158B7A483062CB9C00B4E7EB /* Release configuration for PBXNativeTarget "FeedApp" */,
			);
			defaultConfigurationName = Release;
		};
		158B7A493062CB9C00B4E7EB /* Build configuration list for PBXNativeTarget "FeedAppTests" */ = {
			isa = XCConfigurationList;
			buildConfigurations = (
				158B7A4A3062CB9C00B4E7EB /* Debug configuration for PBXNativeTarget "FeedAppTests" */,
				158B7A4B3062CB9C00B4E7EB /* Release configuration for PBXNativeTarget "FeedAppTests" */,
			);
			defaultConfigurationName = Release;
		};
		158B7A4C3062CB9C00B4E7EB /* Build configuration list for PBXNativeTarget "FeedAppUITests" */ = {
			isa = XCConfigurationList;
			buildConfigurations = (
				158B7A4D3062CB9C00B4E7EB /* Debug configuration for PBXNativeTarget "FeedAppUITests" */,
				158B7A4E3062CB9C00B4E7EB /* Release configuration for PBXNativeTarget "FeedAppUITests" */,
			);
			defaultConfigurationName = Release;
		};
/* End XCConfigurationList section */
	};
	rootObject = 158B7A1F3062CB9B00B4E7EB /* Project object */;
	validationLevel = 1;
}
